
Microsoft Visual Studio Solution File, Format Version 12.00
# Visual Studio Version 17
VisualStudioVersion = 17.7.34024.191
MinimumVisualStudioVersion = 10.0.40219.1
Project("{FAE04EC0-301F-11D3-BF4B-00C04F79EFBC}") = "DXMPServerLister", "DXMPServerLister\DXMPServerLister.csproj", "{863F2CE1-FD06-4A88-A684-363E620D6BCD}"
EndProject
Global
	GlobalSection(SolutionConfigurationPlatforms) = preSolution
		Debug|Any CPU = Debug|Any CPU
		Release|Any CPU = Release|Any CPU
	EndGlobalSection
	GlobalSection(ProjectConfigurationPlatforms) = postSolution
		{863F2CE1-FD06-4A88-A684-363E620D6BCD}.Debug|Any CPU.ActiveCfg = Debug|Any CPU
		{863F2CE1-FD06-4A88-A684-363E620D6BCD}.Debug|Any CPU.Build.0 = Debug|Any CPU
		{863F2CE1-FD06-4A88-A684-363E620D6BCD}.Release|Any CPU.ActiveCfg = Release|Any CPU
		{863F2CE1-FD06-4A88-A684-363E620D6BCD}.Release|Any CPU.Build.0 = Release|Any CPU
	EndGlobalSection
	GlobalSection(SolutionProperties) = preSolution
		HideSolutionNode = FALSE
	EndGlobalSection
	GlobalSection(ExtensibilityGlobals) = postSolution
		SolutionGuid = {86F10B97-5862-4A38-AE2C-7A0E02853F80}
	EndGlobalSection
EndGlobal
